# This file was autogenerated by uv via the following command:
#    uv pip compile requirements.txt -o requirements.lock
aiofiles==24.1.0
    # via
    #   -r requirements.txt
    #   gradio
aiohappyeyeballs==2.6.1
    # via
    #   -r requirements.txt
    #   aiohttp
aiohttp==3.12.12
    # via
    #   -r requirements.txt
    #   langchain-community
    #   semantic-kernel
aioice==0.10.1
    # via
    #   -r requirements.txt
    #   aiortc
aiortc==1.13.0
    # via
    #   -r requirements.txt
    #   semantic-kernel
aiosignal==1.3.2
    # via
    #   -r requirements.txt
    #   aiohttp
aiosqlite==0.21.0
    # via
    #   -r requirements.txt
    #   langgraph-checkpoint-sqlite
annotated-types==0.7.0
    # via
    #   -r requirements.txt
    #   pydantic
anthropic==0.53.0
    # via
    #   -r requirements.txt
    #   langchain-anthropic
anyio==4.9.0
    # via
    #   -r requirements.txt
    #   anthropic
    #   gradio
    #   httpx
    #   mcp
    #   openai
    #   sse-starlette
    #   starlette
asttokens==3.0.0
    # via
    #   -r requirements.txt
    #   stack-data
attrs==25.3.0
    # via
    #   -r requirements.txt
    #   aiohttp
    #   jsonschema
    #   referencing
autogen-agentchat==0.6.1
    # via -r requirements.txt
autogen-core==0.6.1
    # via
    #   -r requirements.txt
    #   autogen-agentchat
    #   autogen-ext
autogen-ext==0.6.1
    # via -r requirements.txt
av==14.4.0
    # via
    #   -r requirements.txt
    #   aiortc
azure-ai-agents==1.0.1
    # via
    #   -r requirements.txt
    #   azure-ai-projects
    #   semantic-kernel
azure-ai-projects==1.0.0b11
    # via
    #   -r requirements.txt
    #   semantic-kernel
azure-core==1.34.0
    # via
    #   -r requirements.txt
    #   azure-ai-agents
    #   azure-ai-projects
    #   azure-identity
    #   azure-storage-blob
azure-identity==1.23.0
    # via
    #   -r requirements.txt
    #   semantic-kernel
azure-storage-blob==12.25.1
    # via
    #   -r requirements.txt
    #   azure-ai-projects
beautifulsoup4==4.13.4
    # via
    #   -r requirements.txt
    #   bs4
    #   markdownify
    #   readabilipy
    #   wikipedia
bs4==0.0.2
    # via -r requirements.txt
certifi==2025.4.26
    # via
    #   -r requirements.txt
    #   httpcore
    #   httpx
    #   polygon-api-client
    #   requests
cffi==1.17.1
    # via
    #   -r requirements.txt
    #   aiortc
    #   cryptography
    #   pylibsrtp
chardet==5.2.0
    # via
    #   -r requirements.txt
    #   prance
charset-normalizer==3.4.2
    # via
    #   -r requirements.txt
    #   requests
click==8.2.1
    # via
    #   -r requirements.txt
    #   typer
    #   uvicorn
cloudevents==1.12.0
    # via
    #   -r requirements.txt
    #   semantic-kernel
colorama==0.4.6
    # via
    #   -r requirements.txt
    #   griffe
comm==0.2.2
    # via
    #   -r requirements.txt
    #   ipywidgets
cryptography==45.0.4
    # via
    #   -r requirements.txt
    #   aiortc
    #   azure-identity
    #   azure-storage-blob
    #   msal
    #   pyjwt
    #   pyopenssl
dataclasses-json==0.6.7
    # via
    #   -r requirements.txt
    #   langchain-community
decorator==5.2.1
    # via
    #   -r requirements.txt
    #   ipython
defusedxml==0.7.1
    # via
    #   -r requirements.txt
    #   semantic-kernel
deprecation==2.1.0
    # via
    #   -r requirements.txt
    #   cloudevents
distro==1.9.0
    # via
    #   -r requirements.txt
    #   anthropic
    #   openai
dnspython==2.7.0
    # via
    #   -r requirements.txt
    #   aioice
ecdsa==0.19.1
    # via
    #   -r requirements.txt
    #   sendgrid
executing==2.2.0
    # via
    #   -r requirements.txt
    #   stack-data
fastapi==0.115.12
    # via
    #   -r requirements.txt
    #   gradio
ffmpy==0.6.0
    # via
    #   -r requirements.txt
    #   gradio
filelock==3.18.0
    # via
    #   -r requirements.txt
    #   huggingface-hub
frozenlist==1.7.0
    # via
    #   -r requirements.txt
    #   aiohttp
    #   aiosignal
fsspec==2025.5.1
    # via
    #   -r requirements.txt
    #   gradio-client
    #   huggingface-hub
google-crc32c==1.7.1
    # via
    #   -r requirements.txt
    #   aiortc
gradio==5.33.1
    # via -r requirements.txt
gradio-client==1.10.3
    # via
    #   -r requirements.txt
    #   gradio
greenlet==3.2.3
    # via
    #   -r requirements.txt
    #   playwright
    #   sqlalchemy
griffe==1.7.3
    # via
    #   -r requirements.txt
    #   openai-agents
groovy==0.1.2
    # via
    #   -r requirements.txt
    #   gradio
grpcio==1.70.0
    # via -r requirements.txt
h11==0.16.0
    # via
    #   -r requirements.txt
    #   httpcore
    #   uvicorn
hf-xet==1.1.3
    # via
    #   -r requirements.txt
    #   huggingface-hub
html5lib==1.1
    # via
    #   -r requirements.txt
    #   readabilipy
httpcore==1.0.9
    # via
    #   -r requirements.txt
    #   httpx
httpx==0.28.1
    # via
    #   -r requirements.txt
    #   anthropic
    #   gradio
    #   gradio-client
    #   langgraph-sdk
    #   langsmith
    #   mcp
    #   ollama
    #   openai
    #   safehttpx
httpx-sse==0.4.0
    # via
    #   -r requirements.txt
    #   langchain-community
    #   mcp
huggingface-hub==0.32.4
    # via
    #   -r requirements.txt
    #   gradio
    #   gradio-client
idna==3.10
    # via
    #   -r requirements.txt
    #   anyio
    #   httpx
    #   requests
    #   yarl
ifaddr==0.2.0
    # via
    #   -r requirements.txt
    #   aioice
importlib-metadata==8.7.0
    # via
    #   -r requirements.txt
    #   opentelemetry-api
ipython==9.3.0
    # via
    #   -r requirements.txt
    #   ipywidgets
ipython-pygments-lexers==1.1.1
    # via
    #   -r requirements.txt
    #   ipython
ipywidgets==8.1.7
    # via -r requirements.txt
isodate==0.7.2
    # via
    #   -r requirements.txt
    #   azure-ai-agents
    #   azure-ai-projects
    #   azure-storage-blob
    #   openapi-core
jedi==0.19.2
    # via
    #   -r requirements.txt
    #   ipython
jinja2==3.1.6
    # via
    #   -r requirements.txt
    #   gradio
    #   semantic-kernel
jiter==0.10.0
    # via
    #   -r requirements.txt
    #   anthropic
    #   openai
jsonpatch==1.33
    # via
    #   -r requirements.txt
    #   langchain-core
jsonpointer==3.0.0
    # via
    #   -r requirements.txt
    #   jsonpatch
jsonref==1.1.0
    # via
    #   -r requirements.txt
    #   autogen-core
jsonschema==4.24.0
    # via
    #   -r requirements.txt
    #   openapi-core
    #   openapi-schema-validator
    #   openapi-spec-validator
jsonschema-path==0.3.4
    # via
    #   -r requirements.txt
    #   openapi-core
    #   openapi-spec-validator
jsonschema-specifications==2025.4.1
    # via
    #   -r requirements.txt
    #   jsonschema
    #   openapi-schema-validator
jupyterlab-widgets==3.0.15
    # via
    #   -r requirements.txt
    #   ipywidgets
langchain==0.3.25
    # via
    #   -r requirements.txt
    #   langchain-community
langchain-anthropic==0.3.15
    # via -r requirements.txt
langchain-community==0.3.24
    # via
    #   -r requirements.txt
    #   langchain-experimental
langchain-core==0.3.64
    # via
    #   -r requirements.txt
    #   langchain
    #   langchain-anthropic
    #   langchain-community
    #   langchain-experimental
    #   langchain-openai
    #   langchain-text-splitters
    #   langgraph
    #   langgraph-checkpoint
    #   langgraph-prebuilt
langchain-experimental==0.3.4
    # via -r requirements.txt
langchain-openai==0.3.21
    # via -r requirements.txt
langchain-text-splitters==0.3.8
    # via
    #   -r requirements.txt
    #   langchain
langgraph==0.4.8
    # via -r requirements.txt
langgraph-checkpoint==2.0.26
    # via
    #   -r requirements.txt
    #   langgraph
    #   langgraph-checkpoint-sqlite
    #   langgraph-prebuilt
langgraph-checkpoint-sqlite==2.0.10
    # via -r requirements.txt
langgraph-prebuilt==0.2.2
    # via
    #   -r requirements.txt
    #   langgraph
langgraph-sdk==0.1.70
    # via
    #   -r requirements.txt
    #   langgraph
langsmith==0.3.45
    # via
    #   -r requirements.txt
    #   langchain
    #   langchain-community
    #   langchain-core
lazy-object-proxy==1.11.0
    # via
    #   -r requirements.txt
    #   openapi-spec-validator
lxml==5.4.0
    # via
    #   -r requirements.txt
    #   readabilipy
markdown-it-py==3.0.0
    # via
    #   -r requirements.txt
    #   rich
markdownify==1.1.0
    # via
    #   -r requirements.txt
    #   mcp-server-fetch
markupsafe==3.0.2
    # via
    #   -r requirements.txt
    #   gradio
    #   jinja2
    #   werkzeug
marshmallow==3.26.1
    # via
    #   -r requirements.txt
    #   dataclasses-json
matplotlib-inline==0.1.7
    # via
    #   -r requirements.txt
    #   ipython
mcp==1.9.3
    # via
    #   -r requirements.txt
    #   mcp-server-fetch
    #   openai-agents
mcp-server-fetch==2025.1.17
    # via -r requirements.txt
mdurl==0.1.2
    # via
    #   -r requirements.txt
    #   markdown-it-py
more-itertools==10.7.0
    # via
    #   -r requirements.txt
    #   openapi-core
msal==1.32.3
    # via
    #   -r requirements.txt
    #   azure-identity
    #   msal-extensions
msal-extensions==1.3.1
    # via
    #   -r requirements.txt
    #   azure-identity
multidict==6.4.4
    # via
    #   -r requirements.txt
    #   aiohttp
    #   yarl
mypy-extensions==1.1.0
    # via
    #   -r requirements.txt
    #   typing-inspect
narwhals==1.42.0
    # via
    #   -r requirements.txt
    #   plotly
nest-asyncio==1.6.0
    # via
    #   -r requirements.txt
    #   semantic-kernel
numpy==2.3.0
    # via
    #   -r requirements.txt
    #   gradio
    #   langchain-community
    #   pandas
    #   scipy
    #   semantic-kernel
ollama==0.5.1
    # via -r requirements.txt
openai==1.85.0
    # via
    #   -r requirements.txt
    #   langchain-openai
    #   openai-agents
    #   semantic-kernel
openai-agents==0.0.17
    # via -r requirements.txt
openapi-core==0.19.5
    # via
    #   -r requirements.txt
    #   semantic-kernel
openapi-schema-validator==0.6.3
    # via
    #   -r requirements.txt
    #   openapi-core
    #   openapi-spec-validator
openapi-spec-validator==0.7.2
    # via
    #   -r requirements.txt
    #   openapi-core
opentelemetry-api==1.34.1
    # via
    #   -r requirements.txt
    #   autogen-core
    #   opentelemetry-sdk
    #   opentelemetry-semantic-conventions
    #   semantic-kernel
opentelemetry-sdk==1.34.1
    # via
    #   -r requirements.txt
    #   semantic-kernel
opentelemetry-semantic-conventions==0.55b1
    # via
    #   -r requirements.txt
    #   opentelemetry-sdk
orjson==3.10.18
    # via
    #   -r requirements.txt
    #   gradio
    #   langgraph-sdk
    #   langsmith
ormsgpack==1.10.0
    # via
    #   -r requirements.txt
    #   langgraph-checkpoint
packaging==24.2
    # via
    #   -r requirements.txt
    #   deprecation
    #   gradio
    #   gradio-client
    #   huggingface-hub
    #   langchain-core
    #   langsmith
    #   marshmallow
    #   plotly
    #   prance
pandas==2.3.0
    # via
    #   -r requirements.txt
    #   gradio
parse==1.20.2
    # via
    #   -r requirements.txt
    #   openapi-core
parso==0.8.4
    # via
    #   -r requirements.txt
    #   jedi
pathable==0.4.4
    # via
    #   -r requirements.txt
    #   jsonschema-path
pexpect==4.9.0
    # via
    #   -r requirements.txt
    #   ipython
pillow==11.2.1
    # via
    #   -r requirements.txt
    #   autogen-core
    #   gradio
playwright==1.52.0
    # via -r requirements.txt
plotly==6.1.2
    # via -r requirements.txt
polygon-api-client==1.14.6
    # via -r requirements.txt
prance==25.4.8.0
    # via
    #   -r requirements.txt
    #   semantic-kernel
prompt-toolkit==3.0.51
    # via
    #   -r requirements.txt
    #   ipython
propcache==0.3.2
    # via
    #   -r requirements.txt
    #   aiohttp
    #   yarl
protego==0.4.0
    # via
    #   -r requirements.txt
    #   mcp-server-fetch
protobuf==5.29.5
    # via
    #   -r requirements.txt
    #   autogen-core
    #   semantic-kernel
psutil==7.0.0
    # via -r requirements.txt
ptyprocess==0.7.0
    # via
    #   -r requirements.txt
    #   pexpect
pure-eval==0.2.3
    # via
    #   -r requirements.txt
    #   stack-data
pybars4==0.9.13
    # via
    #   -r requirements.txt
    #   semantic-kernel
pycparser==2.22
    # via
    #   -r requirements.txt
    #   cffi
pydantic==2.11.5
    # via
    #   -r requirements.txt
    #   anthropic
    #   autogen-core
    #   fastapi
    #   gradio
    #   langchain
    #   langchain-anthropic
    #   langchain-core
    #   langgraph
    #   langsmith
    #   mcp
    #   mcp-server-fetch
    #   ollama
    #   openai
    #   openai-agents
    #   pydantic-settings
    #   semantic-kernel
pydantic-core==2.33.2
    # via
    #   -r requirements.txt
    #   pydantic
pydantic-settings==2.9.1
    # via
    #   -r requirements.txt
    #   langchain-community
    #   mcp
    #   semantic-kernel
pydub==0.25.1
    # via
    #   -r requirements.txt
    #   gradio
pyee==13.0.0
    # via
    #   -r requirements.txt
    #   aiortc
    #   playwright
pygments==2.19.1
    # via
    #   -r requirements.txt
    #   ipython
    #   ipython-pygments-lexers
    #   rich
pyjwt==2.10.1
    # via
    #   -r requirements.txt
    #   msal
pylibsrtp==0.12.0
    # via
    #   -r requirements.txt
    #   aiortc
pymeta3==0.5.1
    # via
    #   -r requirements.txt
    #   pybars4
pyopenssl==25.1.0
    # via
    #   -r requirements.txt
    #   aiortc
pypdf==5.6.0
    # via -r requirements.txt
pypdf2==3.0.1
    # via -r requirements.txt
python-dateutil==2.9.0.post0
    # via
    #   -r requirements.txt
    #   pandas
python-dotenv==1.1.0
    # via
    #   -r requirements.txt
    #   pydantic-settings
python-http-client==3.3.7
    # via
    #   -r requirements.txt
    #   sendgrid
python-multipart==0.0.20
    # via
    #   -r requirements.txt
    #   gradio
    #   mcp
pytz==2025.2
    # via
    #   -r requirements.txt
    #   pandas
pyyaml==6.0.2
    # via
    #   -r requirements.txt
    #   gradio
    #   huggingface-hub
    #   jsonschema-path
    #   langchain
    #   langchain-community
    #   langchain-core
readabilipy==0.3.0
    # via
    #   -r requirements.txt
    #   mcp-server-fetch
referencing==0.36.2
    # via
    #   -r requirements.txt
    #   jsonschema
    #   jsonschema-path
    #   jsonschema-specifications
regex==2024.11.6
    # via
    #   -r requirements.txt
    #   readabilipy
    #   tiktoken
requests==2.32.4
    # via
    #   -r requirements.txt
    #   azure-core
    #   huggingface-hub
    #   jsonschema-path
    #   langchain
    #   langchain-community
    #   langsmith
    #   mcp-server-fetch
    #   msal
    #   openai-agents
    #   prance
    #   requests-toolbelt
    #   tiktoken
    #   wikipedia
requests-toolbelt==1.0.0
    # via
    #   -r requirements.txt
    #   langsmith
rfc3339-validator==0.1.4
    # via
    #   -r requirements.txt
    #   openapi-schema-validator
rich==14.0.0
    # via
    #   -r requirements.txt
    #   typer
rpds-py==0.25.1
    # via
    #   -r requirements.txt
    #   jsonschema
    #   referencing
ruamel-yaml==0.18.14
    # via
    #   -r requirements.txt
    #   prance
ruamel-yaml-clib==0.2.12
    # via
    #   -r requirements.txt
    #   ruamel-yaml
ruff==0.11.13
    # via
    #   -r requirements.txt
    #   gradio
safehttpx==0.1.6
    # via
    #   -r requirements.txt
    #   gradio
scipy==1.15.3
    # via
    #   -r requirements.txt
    #   semantic-kernel
semantic-kernel==1.32.2
    # via -r requirements.txt
semantic-version==2.10.0
    # via
    #   -r requirements.txt
    #   gradio
sendgrid==6.12.3
    # via -r requirements.txt
setuptools==80.9.0
    # via -r requirements.txt
shellingham==1.5.4
    # via
    #   -r requirements.txt
    #   typer
six==1.17.0
    # via
    #   -r requirements.txt
    #   azure-core
    #   ecdsa
    #   html5lib
    #   markdownify
    #   python-dateutil
    #   rfc3339-validator
smithery==0.1.0
    # via -r requirements.txt
sniffio==1.3.1
    # via
    #   -r requirements.txt
    #   anthropic
    #   anyio
    #   openai
soupsieve==2.7
    # via
    #   -r requirements.txt
    #   beautifulsoup4
speedtest-cli==2.1.3
    # via -r requirements.txt
sqlalchemy==2.0.41
    # via
    #   -r requirements.txt
    #   langchain
    #   langchain-community
sqlite-vec==0.1.6
    # via
    #   -r requirements.txt
    #   langgraph-checkpoint-sqlite
sse-starlette==2.3.6
    # via
    #   -r requirements.txt
    #   mcp
stack-data==0.6.3
    # via
    #   -r requirements.txt
    #   ipython
starlette==0.46.2
    # via
    #   -r requirements.txt
    #   fastapi
    #   gradio
    #   mcp
tenacity==9.1.2
    # via
    #   -r requirements.txt
    #   langchain-community
    #   langchain-core
tiktoken==0.9.0
    # via
    #   -r requirements.txt
    #   langchain-openai
tomlkit==0.13.3
    # via
    #   -r requirements.txt
    #   gradio
tqdm==4.67.1
    # via
    #   -r requirements.txt
    #   huggingface-hub
    #   openai
traitlets==5.14.3
    # via
    #   -r requirements.txt
    #   comm
    #   ipython
    #   ipywidgets
    #   matplotlib-inline
typer==0.16.0
    # via
    #   -r requirements.txt
    #   gradio
types-requests==2.32.0.20250602
    # via
    #   -r requirements.txt
    #   openai-agents
typing-extensions==4.14.0
    # via
    #   -r requirements.txt
    #   aiosqlite
    #   anthropic
    #   anyio
    #   autogen-core
    #   azure-ai-agents
    #   azure-ai-projects
    #   azure-core
    #   azure-identity
    #   azure-storage-blob
    #   beautifulsoup4
    #   fastapi
    #   gradio
    #   gradio-client
    #   huggingface-hub
    #   langchain-core
    #   openai
    #   openai-agents
    #   openapi-core
    #   opentelemetry-api
    #   opentelemetry-sdk
    #   opentelemetry-semantic-conventions
    #   pydantic
    #   pydantic-core
    #   pyee
    #   pyopenssl
    #   referencing
    #   semantic-kernel
    #   sqlalchemy
    #   typer
    #   typing-inspect
    #   typing-inspection
typing-inspect==0.9.0
    # via
    #   -r requirements.txt
    #   dataclasses-json
typing-inspection==0.4.1
    # via
    #   -r requirements.txt
    #   pydantic
    #   pydantic-settings
tzdata==2025.2
    # via
    #   -r requirements.txt
    #   pandas
urllib3==2.4.0
    # via
    #   -r requirements.txt
    #   polygon-api-client
    #   requests
    #   types-requests
uvicorn==0.34.3
    # via
    #   -r requirements.txt
    #   gradio
    #   mcp
wcwidth==0.2.13
    # via
    #   -r requirements.txt
    #   prompt-toolkit
webencodings==0.5.1
    # via
    #   -r requirements.txt
    #   html5lib
websockets==14.2
    # via
    #   -r requirements.txt
    #   gradio-client
    #   polygon-api-client
    #   semantic-kernel
werkzeug==3.1.1
    # via
    #   -r requirements.txt
    #   openapi-core
    #   sendgrid
widgetsnbextension==4.0.14
    # via
    #   -r requirements.txt
    #   ipywidgets
wikipedia==1.4.0
    # via -r requirements.txt
xxhash==3.5.0
    # via
    #   -r requirements.txt
    #   langgraph
yarl==1.20.1
    # via
    #   -r requirements.txt
    #   aiohttp
zipp==3.23.0
    # via
    #   -r requirements.txt
    #   importlib-metadata
zstandard==0.23.0
    # via
    #   -r requirements.txt
    #   langsmith
